{
  "name": "public",
  "version": "1.0.0",
  "lockfileVersion": 1,
  "requires": true,
  "dependencies": {
    "angular": {
      "version": "1.4.6",
      "resolved": "https://registry.npmjs.org/angular/-/angular-1.4.6.tgz",
      "integrity": "sha1-kF0qkWFXgmt/bXyDKEiqmLFqFDA="
    },
    "angular-animate": {
      "version": "1.4.8",
      "resolved": "https://registry.npmjs.org/angular-animate/-/angular-animate-1.4.8.tgz",
      "integrity": "sha1-LDiKBm0WZ3rsvrvdryeiF/cAKlc="
    },
    "angular-sanitize": {
      "version": "1.5.0",
      "resolved": "https://registry.npmjs.org/angular-sanitize/-/angular-sanitize-1.5.0.tgz",
      "integrity": "sha1-e5oB3WtXNtDVhykz8D0c+5wYjSo="
    },
    "angular-select": {
      "version": "0.9.12",
      "resolved": "https://registry.npmjs.org/angular-select/-/angular-select-0.9.12.tgz",
      "integrity": "sha1-M1CGxDpB1/M4neynvITzvzroJNs="
    },
    "ansicolors": {
      "version": "0.2.1",
      "resolved": "https://registry.npmjs.org/ansicolors/-/ansicolors-0.2.1.tgz",
      "integrity": "sha1-vgiVmQl7dKXJxKhKDNvNtivYeu8="
    },
    "async": {
      "version": "2.6.0",
      "resolved": "https://registry.npmjs.org/async/-/async-2.6.0.tgz",
      "integrity": "sha512-xAfGg1/NTLBBKlHFmnd7PlmUW9KhVQIUuSrYem9xzFUZy13ScvtyGGejaae9iAVRiRq9+Cx7DPFaAAhCpyxyPw==",
      "requires": {
        "lodash": "^4.14.0"
      }
    },
    "bootstrap": {
      "version": "3.3.6",
      "resolved": "https://registry.npmjs.org/bootstrap/-/bootstrap-3.3.6.tgz",
      "integrity": "sha1-jej3SdyKdD8qxbUQ2Yg3Hj2qZYk="
    },
    "bootstrap-progressbar": {
      "version": "0.9.0",
      "resolved": "https://registry.npmjs.org/bootstrap-progressbar/-/bootstrap-progressbar-0.9.0.tgz",
      "integrity": "sha1-zAD7lHlxEVVtya9+prXK2+4wysQ="
    },
    "bootstrap-rtl": {
      "version": "3.3.4",
      "resolved": "https://registry.npmjs.org/bootstrap-rtl/-/bootstrap-rtl-3.3.4.tgz",
      "integrity": "sha1-T4E+b86Rqp9HrUf0gXI1WvYcGxE=",
      "requires": {
        "bootstrap": "^3.3.4"
      }
    },
    "bootstrap-table": {
      "version": "1.11.2",
      "resolved": "https://registry.npmjs.org/bootstrap-table/-/bootstrap-table-1.11.2.tgz",
      "integrity": "sha1-X1+EFMl9laQOVtPTZFI9pDKzwLE="
    },
    "bootstrap-validator": {
      "version": "0.11.9",
      "resolved": "https://registry.npmjs.org/bootstrap-validator/-/bootstrap-validator-0.11.9.tgz",
      "integrity": "sha1-+3BY7vU2I+ePWqeWcCb5j4dalAQ="
    },
    "cardinal": {
      "version": "1.0.0",
      "resolved": "https://registry.npmjs.org/cardinal/-/cardinal-1.0.0.tgz",
      "integrity": "sha1-UOIcGwqjdyn5N33vGWtanOyTLuk=",
      "requires": {
        "ansicolors": "~0.2.1",
        "redeyed": "~1.0.0"
      }
    },
    "csv-parse": {
      "version": "2.0.2",
      "resolved": "https://registry.npmjs.org/csv-parse/-/csv-parse-2.0.2.tgz",
      "integrity": "sha512-h71zFOZ6siKsmrl+hwhx5nxIBk8+uIW21XtB3cX2+JnSKZOhBjaBudYpLJDdgaQSSx/5SIg+3GymAhnbyE0tmw=="
    },
    "datatables.net": {
      "version": "1.10.16",
      "resolved": "https://registry.npmjs.org/datatables.net/-/datatables.net-1.10.16.tgz",
      "integrity": "sha1-SwUtEIKCQmG2ju2dInQbcR09JGk=",
      "requires": {
        "jquery": ">=1.7"
      }
    },
    "datatables.net-bs": {
      "version": "1.10.16",
      "resolved": "https://registry.npmjs.org/datatables.net-bs/-/datatables.net-bs-1.10.16.tgz",
      "integrity": "sha1-sIVPWzdPcTrj20FWx86op2DD3nY=",
      "requires": {
        "datatables.net": "1.10.16",
        "jquery": ">=1.7"
      }
    },
    "datatables.net-buttons": {
      "version": "1.5.1",
      "resolved": "https://registry.npmjs.org/datatables.net-buttons/-/datatables.net-buttons-1.5.1.tgz",
      "integrity": "sha1-zbNcDIsCYM1FsN9rOfbagVNX/rs=",
      "requires": {
        "datatables.net": "^1.10.15",
        "jquery": ">=1.7"
      }
    },
    "datatables.net-buttons-bs": {
      "version": "1.5.1",
      "resolved": "https://registry.npmjs.org/datatables.net-buttons-bs/-/datatables.net-buttons-bs-1.5.1.tgz",
      "integrity": "sha1-bRsCvTQDpV93NiBzMnW7C4dOkcw=",
      "requires": {
        "datatables.net-bs": "^1.10.15",
        "datatables.net-buttons": "1.5.1",
        "jquery": ">=1.7"
      }
    },
    "es6-object-assign": {
      "version": "1.1.0",
      "resolved": "https://registry.npmjs.org/es6-object-assign/-/es6-object-assign-1.1.0.tgz",
      "integrity": "sha1-wsNYJlYkfDnqEHyx5mUrb58kUjw="
    },
    "esprima": {
      "version": "3.0.0",
      "resolved": "https://registry.npmjs.org/esprima/-/esprima-3.0.0.tgz",
      "integrity": "sha1-U88kes2ncxPlUcOqLnM0LT+099k="
    },
    "font-awesome": {
      "version": "4.7.0",
      "resolved": "https://registry.npmjs.org/font-awesome/-/font-awesome-4.7.0.tgz",
      "integrity": "sha1-j6jPBBGhoxr9B7BtKQK7n8gVoTM="
    },
    "gentelella": {
      "version": "1.4.0",
      "resolved": "https://registry.npmjs.org/gentelella/-/gentelella-1.4.0.tgz",
      "integrity": "sha512-lp54+y6bwSLHF6KMstW2jD6oqV68vLMnFqMqATRp5a/8Tp52NYly7Q+5FZIMaNKATrb3EKx+BN/bKpaZ4BYLEw=="
    },
    "humanize": {
      "version": "0.0.9",
      "resolved": "https://registry.npmjs.org/humanize/-/humanize-0.0.9.tgz",
      "integrity": "sha1-GZT/rs3+nEQe0r2sdFK3u0yeQaQ="
    },
    "icheck": {
      "version": "1.0.2",
      "resolved": "https://registry.npmjs.org/icheck/-/icheck-1.0.2.tgz",
      "integrity": "sha1-BtCNo9R65EjBU7Jjm4bprX/fcSg="
    },
    "jquery": {
      "version": "2.2.4",
      "resolved": "https://registry.npmjs.org/jquery/-/jquery-2.2.4.tgz",
      "integrity": "sha1-LInWiJterFIqfuoywUUhVZxsvwI="
    },
    "js.cookie": {
      "version": "0.0.4",
      "resolved": "https://registry.npmjs.org/js.cookie/-/js.cookie-0.0.4.tgz",
      "integrity": "sha1-xYEnDQQDscUSX5HVpIKV4pDihpo="
    },
    "jvectormap-next": {
      "version": "3.0.0",
      "resolved": "https://registry.npmjs.org/jvectormap-next/-/jvectormap-next-3.0.0.tgz",
      "integrity": "sha1-hwcNqzHsficC3o9SJl0v4Kj+o/U=",
      "requires": {
        "jquery": ">=1.5"
      }
    },
    "lodash": {
      "version": "4.17.5",
      "resolved": "https://registry.npmjs.org/lodash/-/lodash-4.17.5.tgz",
      "integrity": "sha512-svL3uiZf1RwhH+cWrfZn3A4+U58wbP0tGVTLQPbjplZxZ8ROD9VLuNgsRniTlLe7OlSqR79RUehXgpBW/s0IQw=="
    },
    "microplugin": {
      "version": "0.0.3",
      "resolved": "https://registry.npmjs.org/microplugin/-/microplugin-0.0.3.tgz",
      "integrity": "sha1-H8Lhu3yeGegr2Eu6kTe75xJQ2M0="
    },
    "minimist": {
      "version": "0.0.10",
      "resolved": "https://registry.npmjs.org/minimist/-/minimist-0.0.10.tgz",
      "integrity": "sha1-3j+YVD2/lggr5IrRoMfNqDYwHc8="
    },
    "moment": {
      "version": "2.22.1",
      "resolved": "https://registry.npmjs.org/moment/-/moment-2.22.1.tgz",
      "integrity": "sha512-shJkRTSebXvsVqk56I+lkb2latjBs8I+pc2TzWc545y2iFnSjm7Wg0QMh+ZWcdSLQyGEau5jI8ocnmkyTgr9YQ=="
    },
    "optimist": {
      "version": "0.6.1",
      "resolved": "https://registry.npmjs.org/optimist/-/optimist-0.6.1.tgz",
      "integrity": "sha1-2j6nRob6IaGaERwybpDrFaAZZoY=",
      "requires": {
        "minimist": "~0.0.1",
        "wordwrap": "~0.0.2"
      }
    },
    "popper.js": {
      "version": "1.12.9",
      "resolved": "https://registry.npmjs.org/popper.js/-/popper.js-1.12.9.tgz",
      "integrity": "sha1-DfvC3/lsRRuzMu3Pz6r1ZtMx1bM="
    },
    "promise-polyfill": {
      "version": "6.1.0",
      "resolved": "https://registry.npmjs.org/promise-polyfill/-/promise-polyfill-6.1.0.tgz",
      "integrity": "sha1-36lpQ+qcEh/KTem1hoyznTRy4Fc="
    },
    "recaptcha": {
      "version": "1.2.1",
      "resolved": "https://registry.npmjs.org/recaptcha/-/recaptcha-1.2.1.tgz",
      "integrity": "sha1-PXpXalJaoZJw2LCskIIO58qeuK4="
    },
    "redeyed": {
      "version": "1.0.1",
      "resolved": "https://registry.npmjs.org/redeyed/-/redeyed-1.0.1.tgz",
      "integrity": "sha1-6WwZO0DAgWsArshCaY5hGF5VSYo=",
      "requires": {
        "esprima": "~3.0.0"
      }
    },
    "selectize.js": {
      "version": "0.12.12",
      "resolved": "https://registry.npmjs.org/selectize.js/-/selectize.js-0.12.12.tgz",
      "integrity": "sha1-ZzIUh4gagVBqvjiLKZXTrzrW7c0=",
      "requires": {
        "jquery": "^1.7.0",
        "microplugin": "0.0.3",
        "sifter": "^0.5.1"
      },
      "dependencies": {
        "jquery": {
          "version": "1.12.4",
          "resolved": "https://registry.npmjs.org/jquery/-/jquery-1.12.4.tgz",
          "integrity": "sha1-AeHfuikP5z3rp3zurLD5ui/sngw="
        }
      }
    },
    "sifter": {
      "version": "0.5.3",
      "resolved": "https://registry.npmjs.org/sifter/-/sifter-0.5.3.tgz",
      "integrity": "sha1-XmUH/owRSyso2Qtr9OW2NuYR5Is=",
      "requires": {
        "async": "^2.6.0",
        "cardinal": "^1.0.0",
        "csv-parse": "^2.0.0",
        "humanize": "^0.0.9",
        "optimist": "^0.6.1"
      }
    },
    "sweetalert": {
      "version": "2.1.0",
      "resolved": "https://registry.npmjs.org/sweetalert/-/sweetalert-2.1.0.tgz",
      "integrity": "sha512-9YKj0SvjKyBfRWco50UOsIbXVeifYbxzT9Qda7EsqC01eafHGCSG0IR7g942ufjzt7lnwO8ZZBwr6emXv2fQrg==",
      "requires": {
        "es6-object-assign": "^1.1.0",
        "promise-polyfill": "^6.0.2"
      }
    },
    "ui-select": {
      "version": "0.19.8",
      "resolved": "https://registry.npmjs.org/ui-select/-/ui-select-0.19.8.tgz",
      "integrity": "sha1-dIYISKf9i8SU2YVtL2J3bqmGN8E="
    },
    "wordwrap": {
      "version": "0.0.3",
      "resolved": "https://registry.npmjs.org/wordwrap/-/wordwrap-0.0.3.tgz",
      "integrity": "sha1-o9XabNXAvAAI03I0u68b7WMFkQc="
    }
  }
}
