# THIS IS AN AUTOGENERATED FILE. DO NOT EDIT THIS FILE DIRECTLY.
# yarn lockfile v1


angular-animate@1.4.8:
  version "1.4.8"
  resolved "https://registry.yarnpkg.com/angular-animate/-/angular-animate-1.4.8.tgz#2c388a066d16677aecbebbddaf27a217f7002a57"

angular-sanitize@1.5.0:
  version "1.5.0"
  resolved "https://registry.yarnpkg.com/angular-sanitize/-/angular-sanitize-1.5.0.tgz#7b9a01dd6b5736d0d5872933f03d1cfb9c188d2a"

angular-select@^0.9.12:
  version "0.9.12"
  resolved "https://registry.yarnpkg.com/angular-select/-/angular-select-0.9.12.tgz#335086c43a41d7f3389deca7bc84f3bf3ae824db"

angular@1.4.6:
  version "1.4.6"
  resolved "https://registry.yarnpkg.com/angular/-/angular-1.4.6.tgz#905d2a916157826b7f6d7c832848aa98b16a1430"

ansicolors@~0.2.1:
  version "0.2.1"
  resolved "https://registry.yarnpkg.com/ansicolors/-/ansicolors-0.2.1.tgz#be089599097b74a5c9c4a84a0cdbcdb62bd87aef"

async@^2.6.0:
  version "2.6.0"
  resolved "https://registry.yarnpkg.com/async/-/async-2.6.0.tgz#61a29abb6fcc026fea77e56d1c6ec53a795951f4"
  dependencies:
    lodash "^4.14.0"

bootstrap-progressbar@^0.9.0:
  version "0.9.0"
  resolved "https://registry.yarnpkg.com/bootstrap-progressbar/-/bootstrap-progressbar-0.9.0.tgz#cc00fb94797111556dc9af7ea6b5cadbee30cac4"

bootstrap-rtl@3.3.4:
  version "3.3.4"
  resolved "https://registry.yarnpkg.com/bootstrap-rtl/-/bootstrap-rtl-3.3.4.tgz#4f813e6fce91aa9f47ad47f48172355af61c1b11"
  dependencies:
    bootstrap "^3.3.4"

bootstrap-table@1.11.2:
  version "1.11.2"
  resolved "https://registry.yarnpkg.com/bootstrap-table/-/bootstrap-table-1.11.2.tgz#5f5f8414c97d95a40e56d3d364523da432b3c0b1"

bootstrap-validator@0.11.9:
  version "0.11.9"
  resolved "https://registry.yarnpkg.com/bootstrap-validator/-/bootstrap-validator-0.11.9.tgz#fb7058eef53623e78f5aa7967026f98f875a9404"

bootstrap@3.3.6:
  version "3.3.6"
  resolved "https://registry.yarnpkg.com/bootstrap/-/bootstrap-3.3.6.tgz#8de8f749dc8a743f2ac5b510d988371e3daa6589"

bootstrap@^3.3.4:
  version "3.3.7"
  resolved "https://registry.yarnpkg.com/bootstrap/-/bootstrap-3.3.7.tgz#5a389394549f23330875a3b150656574f8a9eb71"

cardinal@^1.0.0:
  version "1.0.0"
  resolved "https://registry.yarnpkg.com/cardinal/-/cardinal-1.0.0.tgz#50e21c1b0aa37729f9377def196b5a9cec932ee9"
  dependencies:
    ansicolors "~0.2.1"
    redeyed "~1.0.0"

csv-parse@^2.0.0:
  version "2.0.2"
  resolved "https://registry.yarnpkg.com/csv-parse/-/csv-parse-2.0.2.tgz#9bb08dd84bb41008a03cde988c07afe0768362f3"

datatables.net-bs@^1.10.15, datatables.net-bs@^1.10.16:
  version "1.10.16"
  resolved "https://registry.yarnpkg.com/datatables.net-bs/-/datatables.net-bs-1.10.16.tgz#b0854f5b374f713ae3db4156c7cea8a760c3de76"
  dependencies:
    datatables.net "1.10.16"
    jquery ">=1.7"

datatables.net-buttons-bs@^1.5.1:
  version "1.5.1"
  resolved "https://registry.yarnpkg.com/datatables.net-buttons-bs/-/datatables.net-buttons-bs-1.5.1.tgz#6d1b02bd3403a55f773620733275bb0b874e91cc"
  dependencies:
    datatables.net-bs "^1.10.15"
    datatables.net-buttons "1.5.1"
    jquery ">=1.7"

datatables.net-buttons@1.5.1:
  version "1.5.1"
  resolved "https://registry.yarnpkg.com/datatables.net-buttons/-/datatables.net-buttons-1.5.1.tgz#cdb35c0c8b0260cd45b0df6b39f6da815357febb"
  dependencies:
    datatables.net "^1.10.15"
    jquery ">=1.7"

datatables.net@1.10.16, datatables.net@^1.10.15:
  version "1.10.16"
  resolved "https://registry.yarnpkg.com/datatables.net/-/datatables.net-1.10.16.tgz#4b052d1082824261b68eed9d22741b711d3d2469"
  dependencies:
    jquery ">=1.7"

es6-object-assign@^1.1.0:
  version "1.1.0"
  resolved "https://registry.yarnpkg.com/es6-object-assign/-/es6-object-assign-1.1.0.tgz#c2c3582656247c39ea107cb1e6652b6f9f24523c"

esprima@~3.0.0:
  version "3.0.0"
  resolved "https://registry.yarnpkg.com/esprima/-/esprima-3.0.0.tgz#53cf247acda77313e551c3aa2e73342d3fb4f7d9"

font-awesome@4.7.0:
  version "4.7.0"
  resolved "https://registry.yarnpkg.com/font-awesome/-/font-awesome-4.7.0.tgz#8fa8cf0411a1a31afd07b06d2902bb9fc815a133"

gentelella@^1.4.0:
  version "1.4.0"
  resolved "https://registry.yarnpkg.com/gentelella/-/gentelella-1.4.0.tgz#b3d15fd9c40c6ea47dc7f36290c8f89aee95efc5"

humanize@^0.0.9:
  version "0.0.9"
  resolved "https://registry.yarnpkg.com/humanize/-/humanize-0.0.9.tgz#1994ffaecdfe9c441ed2bdac7452b7bb4c9e41a4"

icheck@^1.0.2:
  version "1.0.2"
  resolved "https://registry.yarnpkg.com/icheck/-/icheck-1.0.2.tgz#06d08da3d47ae448c153b2639b86e9ad7fdf7128"

jquery@2.2.4:
  version "2.2.4"
  resolved "https://registry.yarnpkg.com/jquery/-/jquery-2.2.4.tgz#2c89d6889b5eac522a7eea32c14521559c6cbf02"

jquery@>=1.5, jquery@>=1.7:
  version "3.3.1"
  resolved "https://registry.yarnpkg.com/jquery/-/jquery-3.3.1.tgz#958ce29e81c9790f31be7792df5d4d95fc57fbca"

jquery@^1.7.0:
  version "1.12.4"
  resolved "https://registry.yarnpkg.com/jquery/-/jquery-1.12.4.tgz#01e1dfba290fe73deba77ceeacb0f9ba2fec9e0c"

js.cookie@0.0.4:
  version "0.0.4"
  resolved "https://registry.yarnpkg.com/js.cookie/-/js.cookie-0.0.4.tgz#c581270d0403b1c5125f91d5a48295e290e2869a"

jvectormap-next@^3.0.0:
  version "3.0.0"
  resolved "https://registry.yarnpkg.com/jvectormap-next/-/jvectormap-next-3.0.0.tgz#87070dab31ec7e2702de8f52265d2fe0a8fea3f5"
  dependencies:
    jquery ">=1.5"

lodash@^4.14.0:
  version "4.17.5"
  resolved "https://registry.yarnpkg.com/lodash/-/lodash-4.17.5.tgz#99a92d65c0272debe8c96b6057bc8fbfa3bed511"

microplugin@0.0.3:
  version "0.0.3"
  resolved "https://registry.yarnpkg.com/microplugin/-/microplugin-0.0.3.tgz#1fc2e1bb7c9e19e82bd84bba9137bbe71250d8cd"

minimist@~0.0.1:
  version "0.0.10"
  resolved "https://registry.yarnpkg.com/minimist/-/minimist-0.0.10.tgz#de3f98543dbf96082be48ad1a0c7cda836301dcf"

moment@^2.22.0:
  version "2.22.0"
  resolved "https://registry.yarnpkg.com/moment/-/moment-2.22.0.tgz#7921ade01017dd45186e7fee5f424f0b8663a730"

optimist@^0.6.1:
  version "0.6.1"
  resolved "https://registry.yarnpkg.com/optimist/-/optimist-0.6.1.tgz#da3ea74686fa21a19a111c326e90eb15a0196686"
  dependencies:
    minimist "~0.0.1"
    wordwrap "~0.0.2"

popper.js@1.12.9:
  version "1.12.9"
  resolved "https://registry.yarnpkg.com/popper.js/-/popper.js-1.12.9.tgz#0dfbc2dff96c451bb332edcfcfaaf566d331d5b3"

promise-polyfill@^6.0.2:
  version "6.1.0"
  resolved "https://registry.yarnpkg.com/promise-polyfill/-/promise-polyfill-6.1.0.tgz#dfa96943ea9c121fca4de9b5868cb39d3472e057"

recaptcha@1.2.1:
  version "1.2.1"
  resolved "https://registry.yarnpkg.com/recaptcha/-/recaptcha-1.2.1.tgz#3d7a576a525aa19270d8b0ac90820ee7ca9eb8ae"

redeyed@~1.0.0:
  version "1.0.1"
  resolved "https://registry.yarnpkg.com/redeyed/-/redeyed-1.0.1.tgz#e96c193b40c0816b00aec842698e61185e55498a"
  dependencies:
    esprima "~3.0.0"

selectize.js@0.12.12:
  version "0.12.12"
  resolved "https://registry.yarnpkg.com/selectize.js/-/selectize.js-0.12.12.tgz#67321487881a81506abe388b2995d3af3ad6edcd"
  dependencies:
    jquery "^1.7.0"
    microplugin "0.0.3"
    sifter "^0.5.1"

sifter@^0.5.1:
  version "0.5.3"
  resolved "https://registry.yarnpkg.com/sifter/-/sifter-0.5.3.tgz#5e6507fe8c114b2b28d90b6bf4e5b636e611e48b"
  dependencies:
    async "^2.6.0"
    cardinal "^1.0.0"
    csv-parse "^2.0.0"
    humanize "^0.0.9"
    optimist "^0.6.1"

sweetalert@2.1.0:
  version "2.1.0"
  resolved "https://registry.yarnpkg.com/sweetalert/-/sweetalert-2.1.0.tgz#d605dec840058fa8ad4a1f7c2c8c194bc72c27fa"
  dependencies:
    es6-object-assign "^1.1.0"
    promise-polyfill "^6.0.2"

ui-select@^0.19.8:
  version "0.19.8"
  resolved "https://registry.yarnpkg.com/ui-select/-/ui-select-0.19.8.tgz#74860848a7fd8bc494d9856d2f62776ea98637c1"

wordwrap@~0.0.2:
  version "0.0.3"
  resolved "https://registry.yarnpkg.com/wordwrap/-/wordwrap-0.0.3.tgz#a3d5da6cd5c0bc0008d37234bbaf1bed63059107"
